// !$*UTF8*$!
{
	archiveVersion = 1;
	classes = {
	};
	objectVersion = 56;
	objects = {

/* Begin PBXBuildFile section */
		7A2839292B6820F900570EDA /* ProductImageViewList.swift in Sources */ = {isa = PBXBuildFile; fileRef = 7A2839282B6820F900570EDA /* ProductImageViewList.swift */; };
		7A28392B2B6AD4D800570EDA /* DeleteProductResponse.swift in Sources */ = {isa = PBXBuildFile; fileRef = 7A28392A2B6AD4D800570EDA /* DeleteProductResponse.swift */; };
		7AD147512B59A15100AD485E /* StoreHTTTPClient.swift in Sources */ = {isa = PBXBuildFile; fileRef = 7AD147502B59A15100AD485E /* StoreHTTTPClient.swift */; };
		7AD147542B59A1AC00AD485E /* Category.swift in Sources */ = {isa = PBXBuildFile; fileRef = 7AD147532B59A1AC00AD485E /* Category.swift */; };
		7AD147572B59A3D600AD485E /* URL+Extensions.swift in Sources */ = {isa = PBXBuildFile; fileRef = 7AD147562B59A3D600AD485E /* URL+Extensions.swift */; };
		7AD147592B5ACEEB00AD485E /* Product.swift in Sources */ = {isa = PBXBuildFile; fileRef = 7AD147582B5ACEEB00AD485E /* Product.swift */; };
		7AD1475B2B5AD7C900AD485E /* ProductsTableViewController.swift in Sources */ = {isa = PBXBuildFile; fileRef = 7AD1475A2B5AD7C900AD485E /* ProductsTableViewController.swift */; };
		7AD1475E2B5ADC3600AD485E /* ProductCellView.swift in Sources */ = {isa = PBXBuildFile; fileRef = 7AD1475D2B5ADC3600AD485E /* ProductCellView.swift */; };
		7AD147602B5B2E5600AD485E /* Locale+Extensions.swift in Sources */ = {isa = PBXBuildFile; fileRef = 7AD1475F2B5B2E5600AD485E /* Locale+Extensions.swift */; };
		7AD9F4A62B5F59B40099710C /* AddProductViewController.swift in Sources */ = {isa = PBXBuildFile; fileRef = 7AD9F4A52B5F59B40099710C /* AddProductViewController.swift */; };
		7AD9F4A82B5F5F790099710C /* CategoryPickerView.swift in Sources */ = {isa = PBXBuildFile; fileRef = 7AD9F4A72B5F5F790099710C /* CategoryPickerView.swift */; };
		7AD9F4AA2B60308D0099710C /* String+Extensions.swift in Sources */ = {isa = PBXBuildFile; fileRef = 7AD9F4A92B60308D0099710C /* String+Extensions.swift */; };
		7AD9F4AC2B60323F0099710C /* UIViewController+Extensions.swift in Sources */ = {isa = PBXBuildFile; fileRef = 7AD9F4AB2B60323F0099710C /* UIViewController+Extensions.swift */; };
		7AD9F4AE2B603BA00099710C /* CreateProductRequest.swift in Sources */ = {isa = PBXBuildFile; fileRef = 7AD9F4AD2B603BA00099710C /* CreateProductRequest.swift */; };
		7AD9F4B02B6052460099710C /* ProductDetailViewController.swift in Sources */ = {isa = PBXBuildFile; fileRef = 7AD9F4AF2B6052460099710C /* ProductDetailViewController.swift */; };
		7AD9F4B22B6054900099710C /* Double+Extensions.swift in Sources */ = {isa = PBXBuildFile; fileRef = 7AD9F4B12B6054900099710C /* Double+Extensions.swift */; };
		7AD9F4B52B63307B0099710C /* ImageLoader.swift in Sources */ = {isa = PBXBuildFile; fileRef = 7AD9F4B42B63307B0099710C /* ImageLoader.swift */; };
		7AF648FE2B599F290000D2E2 /* AppDelegate.swift in Sources */ = {isa = PBXBuildFile; fileRef = 7AF648FD2B599F290000D2E2 /* AppDelegate.swift */; };
		7AF649002B599F290000D2E2 /* SceneDelegate.swift in Sources */ = {isa = PBXBuildFile; fileRef = 7AF648FF2B599F290000D2E2 /* SceneDelegate.swift */; };
		7AF649022B599F290000D2E2 /* CategoriesTableViewController.swift in Sources */ = {isa = PBXBuildFile; fileRef = 7AF649012B599F290000D2E2 /* CategoriesTableViewController.swift */; };
		7AF649072B599F2F0000D2E2 /* Assets.xcassets in Resources */ = {isa = PBXBuildFile; fileRef = 7AF649062B599F2F0000D2E2 /* Assets.xcassets */; };
		7AF6490A2B599F2F0000D2E2 /* LaunchScreen.storyboard in Resources */ = {isa = PBXBuildFile; fileRef = 7AF649082B599F2F0000D2E2 /* LaunchScreen.storyboard */; };
/* End PBXBuildFile section */

/* Begin PBXFileReference section */
		7A2839282B6820F900570EDA /* ProductImageViewList.swift */ = {isa = PBXFileReference; lastKnownFileType = sourcecode.swift; path = ProductImageViewList.swift; sourceTree = "<group>"; };
		7A28392A2B6AD4D800570EDA /* DeleteProductResponse.swift */ = {isa = PBXFileReference; lastKnownFileType = sourcecode.swift; path = DeleteProductResponse.swift; sourceTree = "<group>"; };
		7AD147502B59A15100AD485E /* StoreHTTTPClient.swift */ = {isa = PBXFileReference; lastKnownFileType = sourcecode.swift; path = StoreHTTTPClient.swift; sourceTree = "<group>"; };
		7AD147532B59A1AC00AD485E /* Category.swift */ = {isa = PBXFileReference; lastKnownFileType = sourcecode.swift; path = Category.swift; sourceTree = "<group>"; };
		7AD147562B59A3D600AD485E /* URL+Extensions.swift */ = {isa = PBXFileReference; lastKnownFileType = sourcecode.swift; path = "URL+Extensions.swift"; sourceTree = "<group>"; };
		7AD147582B5ACEEB00AD485E /* Product.swift */ = {isa = PBXFileReference; lastKnownFileType = sourcecode.swift; path = Product.swift; sourceTree = "<group>"; };
		7AD1475A2B5AD7C900AD485E /* ProductsTableViewController.swift */ = {isa = PBXFileReference; lastKnownFileType = sourcecode.swift; path = ProductsTableViewController.swift; sourceTree = "<group>"; };
		7AD1475D2B5ADC3600AD485E /* ProductCellView.swift */ = {isa = PBXFileReference; lastKnownFileType = sourcecode.swift; path = ProductCellView.swift; sourceTree = "<group>"; };
		7AD1475F2B5B2E5600AD485E /* Locale+Extensions.swift */ = {isa = PBXFileReference; lastKnownFileType = sourcecode.swift; path = "Locale+Extensions.swift"; sourceTree = "<group>"; };
		7AD9F4A52B5F59B40099710C /* AddProductViewController.swift */ = {isa = PBXFileReference; lastKnownFileType = sourcecode.swift; path = AddProductViewController.swift; sourceTree = "<group>"; };
		7AD9F4A72B5F5F790099710C /* CategoryPickerView.swift */ = {isa = PBXFileReference; lastKnownFileType = sourcecode.swift; path = CategoryPickerView.swift; sourceTree = "<group>"; };
		7AD9F4A92B60308D0099710C /* String+Extensions.swift */ = {isa = PBXFileReference; lastKnownFileType = sourcecode.swift; path = "String+Extensions.swift"; sourceTree = "<group>"; };
		7AD9F4AB2B60323F0099710C /* UIViewController+Extensions.swift */ = {isa = PBXFileReference; lastKnownFileType = sourcecode.swift; path = "UIViewController+Extensions.swift"; sourceTree = "<group>"; };
		7AD9F4AD2B603BA00099710C /* CreateProductRequest.swift */ = {isa = PBXFileReference; lastKnownFileType = sourcecode.swift; path = CreateProductRequest.swift; sourceTree = "<group>"; };
		7AD9F4AF2B6052460099710C /* ProductDetailViewController.swift */ = {isa = PBXFileReference; lastKnownFileType = sourcecode.swift; path = ProductDetailViewController.swift; sourceTree = "<group>"; };
		7AD9F4B12B6054900099710C /* Double+Extensions.swift */ = {isa = PBXFileReference; lastKnownFileType = sourcecode.swift; path = "Double+Extensions.swift"; sourceTree = "<group>"; };
		7AD9F4B42B63307B0099710C /* ImageLoader.swift */ = {isa = PBXFileReference; lastKnownFileType = sourcecode.swift; path = ImageLoader.swift; sourceTree = "<group>"; };
		7AF648FA2B599F290000D2E2 /* StoreApp.app */ = {isa = PBXFileReference; explicitFileType = wrapper.application; includeInIndex = 0; path = StoreApp.app; sourceTree = BUILT_PRODUCTS_DIR; };
		7AF648FD2B599F290000D2E2 /* AppDelegate.swift */ = {isa = PBXFileReference; lastKnownFileType = sourcecode.swift; path = AppDelegate.swift; sourceTree = "<group>"; };
		7AF648FF2B599F290000D2E2 /* SceneDelegate.swift */ = {isa = PBXFileReference; lastKnownFileType = sourcecode.swift; path = SceneDelegate.swift; sourceTree = "<group>"; };
		7AF649012B599F290000D2E2 /* CategoriesTableViewController.swift */ = {isa = PBXFileReference; lastKnownFileType = sourcecode.swift; path = CategoriesTableViewController.swift; sourceTree = "<group>"; };
		7AF649062B599F2F0000D2E2 /* Assets.xcassets */ = {isa = PBXFileReference; lastKnownFileType = folder.assetcatalog; path = Assets.xcassets; sourceTree = "<group>"; };
		7AF649092B599F2F0000D2E2 /* Base */ = {isa = PBXFileReference; lastKnownFileType = file.storyboard; name = Base; path = Base.lproj/LaunchScreen.storyboard; sourceTree = "<group>"; };
		7AF6490B2B599F2F0000D2E2 /* Info.plist */ = {isa = PBXFileReference; lastKnownFileType = text.plist.xml; path = Info.plist; sourceTree = "<group>"; };
/* End PBXFileReference section */

/* Begin PBXFrameworksBuildPhase section */
		7AF648F72B599F290000D2E2 /* Frameworks */ = {
			isa = PBXFrameworksBuildPhase;
			buildActionMask = 2147483647;
			files = (
			);
			runOnlyForDeploymentPostprocessing = 0;
		};
/* End PBXFrameworksBuildPhase section */

/* Begin PBXGroup section */
		7AD1474F2B59A14100AD485E /* Clients */ = {
			isa = PBXGroup;
			children = (
				7AD147502B59A15100AD485E /* StoreHTTTPClient.swift */,
			);
			path = Clients;
			sourceTree = "<group>";
		};
		7AD147522B59A19A00AD485E /* Models */ = {
			isa = PBXGroup;
			children = (
				7AD147532B59A1AC00AD485E /* Category.swift */,
				7AD147582B5ACEEB00AD485E /* Product.swift */,
				7AD9F4AD2B603BA00099710C /* CreateProductRequest.swift */,
				7A28392A2B6AD4D800570EDA /* DeleteProductResponse.swift */,
			);
			path = Models;
			sourceTree = "<group>";
		};
		7AD147552B59A3CA00AD485E /* Extensions */ = {
			isa = PBXGroup;
			children = (
				7AD147562B59A3D600AD485E /* URL+Extensions.swift */,
				7AD1475F2B5B2E5600AD485E /* Locale+Extensions.swift */,
				7AD9F4A92B60308D0099710C /* String+Extensions.swift */,
				7AD9F4AB2B60323F0099710C /* UIViewController+Extensions.swift */,
				7AD9F4B12B6054900099710C /* Double+Extensions.swift */,
			);
			path = Extensions;
			sourceTree = "<group>";
		};
		7AD1475C2B5ADC0F00AD485E /* Views */ = {
			isa = PBXGroup;
			children = (
				7AD1475D2B5ADC3600AD485E /* ProductCellView.swift */,
				7AD9F4A72B5F5F790099710C /* CategoryPickerView.swift */,
				7A2839282B6820F900570EDA /* ProductImageViewList.swift */,
			);
			path = Views;
			sourceTree = "<group>";
		};
		7AD9F4B32B63306A0099710C /* Loaders */ = {
			isa = PBXGroup;
			children = (
				7AD9F4B42B63307B0099710C /* ImageLoader.swift */,
			);
			path = Loaders;
			sourceTree = "<group>";
		};
		7AF648F12B599F280000D2E2 = {
			isa = PBXGroup;
			children = (
				7AF648FC2B599F290000D2E2 /* StoreApp */,
				7AF648FB2B599F290000D2E2 /* Products */,
			);
			sourceTree = "<group>";
		};
		7AF648FB2B599F290000D2E2 /* Products */ = {
			isa = PBXGroup;
			children = (
				7AF648FA2B599F290000D2E2 /* StoreApp.app */,
			);
			name = Products;
			sourceTree = "<group>";
		};
		7AF648FC2B599F290000D2E2 /* StoreApp */ = {
			isa = PBXGroup;
			children = (
				7AD9F4B32B63306A0099710C /* Loaders */,
				7AD1475C2B5ADC0F00AD485E /* Views */,
				7AD147552B59A3CA00AD485E /* Extensions */,
				7AD147522B59A19A00AD485E /* Models */,
				7AD1474F2B59A14100AD485E /* Clients */,
				7AF649112B599FA60000D2E2 /* ViewControllers */,
				7AF648FD2B599F290000D2E2 /* AppDelegate.swift */,
				7AF648FF2B599F290000D2E2 /* SceneDelegate.swift */,
				7AF649062B599F2F0000D2E2 /* Assets.xcassets */,
				7AF649082B599F2F0000D2E2 /* LaunchScreen.storyboard */,
				7AF6490B2B599F2F0000D2E2 /* Info.plist */,
			);
			path = StoreApp;
			sourceTree = "<group>";
		};
		7AF649112B599FA60000D2E2 /* ViewControllers */ = {
			isa = PBXGroup;
			children = (
				7AF649012B599F290000D2E2 /* CategoriesTableViewController.swift */,
				7AD1475A2B5AD7C900AD485E /* ProductsTableViewController.swift */,
				7AD9F4A52B5F59B40099710C /* AddProductViewController.swift */,
				7AD9F4AF2B6052460099710C /* ProductDetailViewController.swift */,
			);
			path = ViewControllers;
			sourceTree = "<group>";
		};
/* End PBXGroup section */

/* Begin PBXNativeTarget section */
		7AF648F92B599F290000D2E2 /* StoreApp */ = {
			isa = PBXNativeTarget;
			buildConfigurationList = 7AF6490E2B599F2F0000D2E2 /* Build configuration list for PBXNativeTarget "StoreApp" */;
			buildPhases = (
				7AF648F62B599F290000D2E2 /* Sources */,
				7AF648F72B599F290000D2E2 /* Frameworks */,
				7AF648F82B599F290000D2E2 /* Resources */,
			);
			buildRules = (
			);
			dependencies = (
			);
			name = StoreApp;
			productName = StoreApp;
			productReference = 7AF648FA2B599F290000D2E2 /* StoreApp.app */;
			productType = "com.apple.product-type.application";
		};
/* End PBXNativeTarget section */

/* Begin PBXProject section */
		7AF648F22B599F280000D2E2 /* Project object */ = {
			isa = PBXProject;
			attributes = {
				BuildIndependentTargetsInParallel = 1;
				LastSwiftUpdateCheck = 1520;
				LastUpgradeCheck = 1520;
				TargetAttributes = {
					7AF648F92B599F290000D2E2 = {
						CreatedOnToolsVersion = 15.2;
					};
				};
			};
			buildConfigurationList = 7AF648F52B599F280000D2E2 /* Build configuration list for PBXProject "StoreApp" */;
			compatibilityVersion = "Xcode 14.0";
			developmentRegion = en;
			hasScannedForEncodings = 0;
			knownRegions = (
				en,
				Base,
			);
			mainGroup = 7AF648F12B599F280000D2E2;
			productRefGroup = 7AF648FB2B599F290000D2E2 /* Products */;
			projectDirPath = "";
			projectRoot = "";
			targets = (
				7AF648F92B599F290000D2E2 /* StoreApp */,
			);
		};
/* End PBXProject section */

/* Begin PBXResourcesBuildPhase section */
		7AF648F82B599F290000D2E2 /* Resources */ = {
			isa = PBXResourcesBuildPhase;
			buildActionMask = 2147483647;
			files = (
				7AF6490A2B599F2F0000D2E2 /* LaunchScreen.storyboard in Resources */,
				7AF649072B599F2F0000D2E2 /* Assets.xcassets in Resources */,
			);
			runOnlyForDeploymentPostprocessing = 0;
		};
/* End PBXResourcesBuildPhase section */

/* Begin PBXSourcesBuildPhase section */
		7AF648F62B599F290000D2E2 /* Sources */ = {
			isa = PBXSourcesBuildPhase;
			buildActionMask = 2147483647;
			files = (
				7AD9F4A62B5F59B40099710C /* AddProductViewController.swift in Sources */,
				7AD9F4AA2B60308D0099710C /* String+Extensions.swift in Sources */,
				7A2839292B6820F900570EDA /* ProductImageViewList.swift in Sources */,
				7AF649022B599F290000D2E2 /* CategoriesTableViewController.swift in Sources */,
				7AD9F4AE2B603BA00099710C /* CreateProductRequest.swift in Sources */,
				7AD1475E2B5ADC3600AD485E /* ProductCellView.swift in Sources */,
				7AD9F4B22B6054900099710C /* Double+Extensions.swift in Sources */,
				7AD147572B59A3D600AD485E /* URL+Extensions.swift in Sources */,
				7AD147542B59A1AC00AD485E /* Category.swift in Sources */,
				7AD147512B59A15100AD485E /* StoreHTTTPClient.swift in Sources */,
				7AF648FE2B599F290000D2E2 /* AppDelegate.swift in Sources */,
				7AD1475B2B5AD7C900AD485E /* ProductsTableViewController.swift in Sources */,
				7AF649002B599F290000D2E2 /* SceneDelegate.swift in Sources */,
				7AD9F4AC2B60323F0099710C /* UIViewController+Extensions.swift in Sources */,
				7AD147592B5ACEEB00AD485E /* Product.swift in Sources */,
				7AD9F4B52B63307B0099710C /* ImageLoader.swift in Sources */,
				7AD9F4B02B6052460099710C /* ProductDetailViewController.swift in Sources */,
				7A28392B2B6AD4D800570EDA /* DeleteProductResponse.swift in Sources */,
				7AD9F4A82B5F5F790099710C /* CategoryPickerView.swift in Sources */,
				7AD147602B5B2E5600AD485E /* Locale+Extensions.swift in Sources */,
			);
			runOnlyForDeploymentPostprocessing = 0;
		};
/* End PBXSourcesBuildPhase section */

/* Begin PBXVariantGroup section */
		7AF649082B599F2F0000D2E2 /* LaunchScreen.storyboard */ = {
			isa = PBXVariantGroup;
			children = (
				7AF649092B599F2F0000D2E2 /* Base */,
			);
			name = LaunchScreen.storyboard;
			sourceTree = "<group>";
		};
/* End PBXVariantGroup section */

/* Begin XCBuildConfiguration section */
		7AF6490C2B599F2F0000D2E2 /* Debug */ = {
			isa = XCBuildConfiguration;
			buildSettings = {
				ALWAYS_SEARCH_USER_PATHS = NO;
				ASSETCATALOG_COMPILER_GENERATE_SWIFT_ASSET_SYMBOL_EXTENSIONS = YES;
				CLANG_ANALYZER_NONNULL = YES;
				CLANG_ANALYZER_NUMBER_OBJECT_CONVERSION = YES_AGGRESSIVE;
				CLANG_CXX_LANGUAGE_STANDARD = "gnu++20";
				CLANG_ENABLE_MODULES = YES;
				CLANG_ENABLE_OBJC_ARC = YES;
				CLANG_ENABLE_OBJC_WEAK = YES;
				CLANG_WARN_BLOCK_CAPTURE_AUTORELEASING = YES;
				CLANG_WARN_BOOL_CONVERSION = YES;
				CLANG_WARN_COMMA = YES;
				CLANG_WARN_CONSTANT_CONVERSION = YES;
				CLANG_WARN_DEPRECATED_OBJC_IMPLEMENTATIONS = YES;
				CLANG_WARN_DIRECT_OBJC_ISA_USAGE = YES_ERROR;
				CLANG_WARN_DOCUMENTATION_COMMENTS = YES;
				CLANG_WARN_EMPTY_BODY = YES;
				CLANG_WARN_ENUM_CONVERSION = YES;
				CLANG_WARN_INFINITE_RECURSION = YES;
				CLANG_WARN_INT_CONVERSION = YES;
				CLANG_WARN_NON_LITERAL_NULL_CONVERSION = YES;
				CLANG_WARN_OBJC_IMPLICIT_RETAIN_SELF = YES;
				CLANG_WARN_OBJC_LITERAL_CONVERSION = YES;
				CLANG_WARN_OBJC_ROOT_CLASS = YES_ERROR;
				CLANG_WARN_QUOTED_INCLUDE_IN_FRAMEWORK_HEADER = YES;
				CLANG_WARN_RANGE_LOOP_ANALYSIS = YES;
				CLANG_WARN_STRICT_PROTOTYPES = YES;
				CLANG_WARN_SUSPICIOUS_MOVE = YES;
				CLANG_WARN_UNGUARDED_AVAILABILITY = YES_AGGRESSIVE;
				CLANG_WARN_UNREACHABLE_CODE = YES;
				CLANG_WARN__DUPLICATE_METHOD_MATCH = YES;
				COPY_PHASE_STRIP = NO;
				DEBUG_INFORMATION_FORMAT = dwarf;
				ENABLE_STRICT_OBJC_MSGSEND = YES;
				ENABLE_TESTABILITY = YES;
				ENABLE_USER_SCRIPT_SANDBOXING = YES;
				GCC_C_LANGUAGE_STANDARD = gnu17;
				GCC_DYNAMIC_NO_PIC = NO;
				GCC_NO_COMMON_BLOCKS = YES;
				GCC_OPTIMIZATION_LEVEL = 0;
				GCC_PREPROCESSOR_DEFINITIONS = (
					"DEBUG=1",
					"$(inherited)",
				);
				GCC_WARN_64_TO_32_BIT_CONVERSION = YES;
				GCC_WARN_ABOUT_RETURN_TYPE = YES_ERROR;
				GCC_WARN_UNDECLARED_SELECTOR = YES;
				GCC_WARN_UNINITIALIZED_AUTOS = YES_AGGRESSIVE;
				GCC_WARN_UNUSED_FUNCTION = YES;
				GCC_WARN_UNUSED_VARIABLE = YES;
				IPHONEOS_DEPLOYMENT_TARGET = 17.2;
				LOCALIZATION_PREFERS_STRING_CATALOGS = YES;
				MTL_ENABLE_DEBUG_INFO = INCLUDE_SOURCE;
				MTL_FAST_MATH = YES;
				ONLY_ACTIVE_ARCH = YES;
				SDKROOT = iphoneos;
				SWIFT_ACTIVE_COMPILATION_CONDITIONS = "DEBUG $(inherited)";
				SWIFT_OPTIMIZATION_LEVEL = "-Onone";
			};
			name = Debug;
		};
		7AF6490D2B599F2F0000D2E2 /* Release */ = {
			isa = XCBuildConfiguration;
			buildSettings = {
				ALWAYS_SEARCH_USER_PATHS = NO;
				ASSETCATALOG_COMPILER_GENERATE_SWIFT_ASSET_SYMBOL_EXTENSIONS = YES;
				CLANG_ANALYZER_NONNULL = YES;
				CLANG_ANALYZER_NUMBER_OBJECT_CONVERSION = YES_AGGRESSIVE;
				CLANG_CXX_LANGUAGE_STANDARD = "gnu++20";
				CLANG_ENABLE_MODULES = YES;
				CLANG_ENABLE_OBJC_ARC = YES;
				CLANG_ENABLE_OBJC_WEAK = YES;
				CLANG_WARN_BLOCK_CAPTURE_AUTORELEASING = YES;
				CLANG_WARN_BOOL_CONVERSION = YES;
				CLANG_WARN_COMMA = YES;
				CLANG_WARN_CONSTANT_CONVERSION = YES;
				CLANG_WARN_DEPRECATED_OBJC_IMPLEMENTATIONS = YES;
				CLANG_WARN_DIRECT_OBJC_ISA_USAGE = YES_ERROR;
				CLANG_WARN_DOCUMENTATION_COMMENTS = YES;
				CLANG_WARN_EMPTY_BODY = YES;
				CLANG_WARN_ENUM_CONVERSION = YES;
				CLANG_WARN_INFINITE_RECURSION = YES;
				CLANG_WARN_INT_CONVERSION = YES;
				CLANG_WARN_NON_LITERAL_NULL_CONVERSION = YES;
				CLANG_WARN_OBJC_IMPLICIT_RETAIN_SELF = YES;
				CLANG_WARN_OBJC_LITERAL_CONVERSION = YES;
				CLANG_WARN_OBJC_ROOT_CLASS = YES_ERROR;
				CLANG_WARN_QUOTED_INCLUDE_IN_FRAMEWORK_HEADER = YES;
				CLANG_WARN_RANGE_LOOP_ANALYSIS = YES;
				CLANG_WARN_STRICT_PROTOTYPES = YES;
				CLANG_WARN_SUSPICIOUS_MOVE = YES;
				CLANG_WARN_UNGUARDED_AVAILABILITY = YES_AGGRESSIVE;
				CLANG_WARN_UNREACHABLE_CODE = YES;
				CLANG_WARN__DUPLICATE_METHOD_MATCH = YES;
				COPY_PHASE_STRIP = NO;
				DEBUG_INFORMATION_FORMAT = "dwarf-with-dsym";
				ENABLE_NS_ASSERTIONS = NO;
				ENABLE_STRICT_OBJC_MSGSEND = YES;
				ENABLE_USER_SCRIPT_SANDBOXING = YES;
				GCC_C_LANGUAGE_STANDARD = gnu17;
				GCC_NO_COMMON_BLOCKS = YES;
				GCC_WARN_64_TO_32_BIT_CONVERSION = YES;
				GCC_WARN_ABOUT_RETURN_TYPE = YES_ERROR;
				GCC_WARN_UNDECLARED_SELECTOR = YES;
				GCC_WARN_UNINITIALIZED_AUTOS = YES_AGGRESSIVE;
				GCC_WARN_UNUSED_FUNCTION = YES;
				GCC_WARN_UNUSED_VARIABLE = YES;
				IPHONEOS_DEPLOYMENT_TARGET = 17.2;
				LOCALIZATION_PREFERS_STRING_CATALOGS = YES;
				MTL_ENABLE_DEBUG_INFO = NO;
				MTL_FAST_MATH = YES;
				SDKROOT = iphoneos;
				SWIFT_COMPILATION_MODE = wholemodule;
				VALIDATE_PRODUCT = YES;
			};
			name = Release;
		};
		7AF6490F2B599F2F0000D2E2 /* Debug */ = {
			isa = XCBuildConfiguration;
			buildSettings = {
				ASSETCATALOG_COMPILER_APPICON_NAME = AppIcon;
				ASSETCATALOG_COMPILER_GLOBAL_ACCENT_COLOR_NAME = AccentColor;
				CODE_SIGN_STYLE = Automatic;
				CURRENT_PROJECT_VERSION = 1;
				DEVELOPMENT_TEAM = 8T8Q835Q57;
				GENERATE_INFOPLIST_FILE = YES;
				INFOPLIST_FILE = StoreApp/Info.plist;
				INFOPLIST_KEY_UIApplicationSupportsIndirectInputEvents = YES;
				INFOPLIST_KEY_UILaunchStoryboardName = LaunchScreen;
				INFOPLIST_KEY_UISupportedInterfaceOrientations_iPad = "UIInterfaceOrientationPortrait UIInterfaceOrientationPortraitUpsideDown UIInterfaceOrientationLandscapeLeft UIInterfaceOrientationLandscapeRight";
				INFOPLIST_KEY_UISupportedInterfaceOrientations_iPhone = "UIInterfaceOrientationPortrait UIInterfaceOrientationLandscapeLeft UIInterfaceOrientationLandscapeRight";
				IPHONEOS_DEPLOYMENT_TARGET = 16.0;
				LD_RUNPATH_SEARCH_PATHS = (
					"$(inherited)",
					"@executable_path/Frameworks",
				);
				MARKETING_VERSION = 1.0;
				PRODUCT_BUNDLE_IDENTIFIER = com.imparedes.StoreApp;
				PRODUCT_NAME = "$(TARGET_NAME)";
				SWIFT_EMIT_LOC_STRINGS = YES;
				SWIFT_VERSION = 5.0;
				TARGETED_DEVICE_FAMILY = "1,2";
			};
			name = Debug;
		};
		7AF649102B599F2F0000D2E2 /* Release */ = {
			isa = XCBuildConfiguration;
			buildSettings = {
				ASSETCATALOG_COMPILER_APPICON_NAME = AppIcon;
				ASSETCATALOG_COMPILER_GLOBAL_ACCENT_COLOR_NAME = AccentColor;
				CODE_SIGN_STYLE = Automatic;
				CURRENT_PROJECT_VERSION = 1;
				DEVELOPMENT_TEAM = 8T8Q835Q57;
				GENERATE_INFOPLIST_FILE = YES;
				INFOPLIST_FILE = StoreApp/Info.plist;
				INFOPLIST_KEY_UIApplicationSupportsIndirectInputEvents = YES;
				INFOPLIST_KEY_UILaunchStoryboardName = LaunchScreen;
				INFOPLIST_KEY_UISupportedInterfaceOrientations_iPad = "UIInterfaceOrientationPortrait UIInterfaceOrientationPortraitUpsideDown UIInterfaceOrientationLandscapeLeft UIInterfaceOrientationLandscapeRight";
				INFOPLIST_KEY_UISupportedInterfaceOrientations_iPhone = "UIInterfaceOrientationPortrait UIInterfaceOrientationLandscapeLeft UIInterfaceOrientationLandscapeRight";
				IPHONEOS_DEPLOYMENT_TARGET = 16.0;
				LD_RUNPATH_SEARCH_PATHS = (
					"$(inherited)",
					"@executable_path/Frameworks",
				);
				MARKETING_VERSION = 1.0;
				PRODUCT_BUNDLE_IDENTIFIER = com.imparedes.StoreApp;
				PRODUCT_NAME = "$(TARGET_NAME)";
				SWIFT_EMIT_LOC_STRINGS = YES;
				SWIFT_VERSION = 5.0;
				TARGETED_DEVICE_FAMILY = "1,2";
			};
			name = Release;
		};
/* End XCBuildConfiguration section */

/* Begin XCConfigurationList section */
		7AF648F52B599F280000D2E2 /* Build configuration list for PBXProject "StoreApp" */ = {
			isa = XCConfigurationList;
			buildConfigurations = (
				7AF6490C2B599F2F0000D2E2 /* Debug */,
				7AF6490D2B599F2F0000D2E2 /* Release */,
			);
			defaultConfigurationIsVisible = 0;
			defaultConfigurationName = Release;
		};
		7AF6490E2B599F2F0000D2E2 /* Build configuration list for PBXNativeTarget "StoreApp" */ = {
			isa = XCConfigurationList;
			buildConfigurations = (
				7AF6490F2B599F2F0000D2E2 /* Debug */,
				7AF649102B599F2F0000D2E2 /* Release */,
			);
			defaultConfigurationIsVisible = 0;
			defaultConfigurationName = Release;
		};
/* End XCConfigurationList section */
	};
	rootObject = 7AF648F22B599F280000D2E2 /* Project object */;
}
